// !$*UTF8*$!
{
	archiveVersion = 1;
	classes = {
	};
	objectVersion = 48;
	objects = {

/* Begin PBXBuildFile section */
		A247F60A2065359E00A21397 /* AppDelegate.swift in Sources */ = {isa = PBXBuildFile; fileRef = A247F6092065359E00A21397 /* AppDelegate.swift */; };
		A247F60C2065359E00A21397 /* ViewController.swift in Sources */ = {isa = PBXBuildFile; fileRef = A247F60B2065359E00A21397 /* ViewController.swift */; };
		A247F60F2065359E00A21397 /* Main.storyboard in Resources */ = {isa = PBXBuildFile; fileRef = A247F60D2065359E00A21397 /* Main.storyboard */; };
		A247F6122065359E00A21397 /* CoreData_1_0.xcdatamodeld in Sources */ = {isa = PBXBuildFile; fileRef = A247F6102065359E00A21397 /* CoreData_1_0.xcdatamodeld */; };
		A247F6142065359E00A21397 /* Assets.xcassets in Resources */ = {isa = PBXBuildFile; fileRef = A247F6132065359E00A21397 /* Assets.xcassets */; };
		A247F6172065359E00A21397 /* LaunchScreen.storyboard in Resources */ = {isa = PBXBuildFile; fileRef = A247F6152065359E00A21397 /* LaunchScreen.storyboard */; };
/* End PBXBuildFile section */

/* Begin PBXFileReference section */
		A247F6062065359E00A21397 /* CoreData 1.0.app */ = {isa = PBXFileReference; explicitFileType = wrapper.application; includeInIndex = 0; path = "CoreData 1.0.app"; sourceTree = BUILT_PRODUCTS_DIR; };
		A247F6092065359E00A21397 /* AppDelegate.swift */ = {isa = PBXFileReference; lastKnownFileType = sourcecode.swift; path = AppDelegate.swift; sourceTree = "<group>"; };
		A247F60B2065359E00A21397 /* ViewController.swift */ = {isa = PBXFileReference; lastKnownFileType = sourcecode.swift; path = ViewController.swift; sourceTree = "<group>"; };
		A247F60E2065359E00A21397 /* Base */ = {isa = PBXFileReference; lastKnownFileType = file.storyboard; name = Base; path = Base.lproj/Main.storyboard; sourceTree = "<group>"; };
		A247F6112065359E00A21397 /* CoreData_1_0.xcdatamodel */ = {isa = PBXFileReference; lastKnownFileType = wrapper.xcdatamodel; path = CoreData_1_0.xcdatamodel; sourceTree = "<group>"; };
		A247F6132065359E00A21397 /* Assets.xcassets */ = {isa = PBXFileReference; lastKnownFileType = folder.assetcatalog; path = Assets.xcassets; sourceTree = "<group>"; };
		A247F6162065359E00A21397 /* Base */ = {isa = PBXFileReference; lastKnownFileType = file.storyboard; name = Base; path = Base.lproj/LaunchScreen.storyboard; sourceTree = "<group>"; };
		A247F6182065359E00A21397 /* Info.plist */ = {isa = PBXFileReference; lastKnownFileType = text.plist.xml; path = Info.plist; sourceTree = "<group>"; };
/* End PBXFileReference section */

/* Begin PBXFrameworksBuildPhase section */
		A247F6032065359E00A21397 /* Frameworks */ = {
			isa = PBXFrameworksBuildPhase;
			buildActionMask = 2147483647;
			files = (
			);
			runOnlyForDeploymentPostprocessing = 0;
		};
/* End PBXFrameworksBuildPhase section */

/* Begin PBXGroup section */
		A247F5FD2065359E00A21397 = {
			isa = PBXGroup;
			children = (
				A247F6082065359E00A21397 /* CoreData 1.0 */,
				A247F6072065359E00A21397 /* Products */,
			);
			sourceTree = "<group>";
		};
		A247F6072065359E00A21397 /* Products */ = {
			isa = PBXGroup;
			children = (
				A247F6062065359E00A21397 /* CoreData 1.0.app */,
			);
			name = Products;
			sourceTree = "<group>";
		};
		A247F6082065359E00A21397 /* CoreData 1.0 */ = {
			isa = PBXGroup;
			children = (
				A247F6092065359E00A21397 /* AppDelegate.swift */,
				A247F60B2065359E00A21397 /* ViewController.swift */,
				A247F60D2065359E00A21397 /* Main.storyboard */,
				A247F6132065359E00A21397 /* Assets.xcassets */,
				A247F6152065359E00A21397 /* LaunchScreen.storyboard */,
				A247F6182065359E00A21397 /* Info.plist */,
				A247F6102065359E00A21397 /* CoreData_1_0.xcdatamodeld */,
			);
			path = "CoreData 1.0";
			sourceTree = "<group>";
		};
/* End PBXGroup section */

/* Begin PBXNativeTarget section */
		A247F6052065359E00A21397 /* CoreData 1.0 */ = {
			isa = PBXNativeTarget;
			buildConfigurationList = A247F61B2065359E00A21397 /* Build configuration list for PBXNativeTarget "CoreData 1.0" */;
			buildPhases = (
				A247F6022065359E00A21397 /* Sources */,
				A247F6032065359E00A21397 /* Frameworks */,
				A247F6042065359E00A21397 /* Resources */,
			);
			buildRules = (
			);
			dependencies = (
			);
			name = "CoreData 1.0";
			productName = "CoreData 1.0";
			productReference = A247F6062065359E00A21397 /* CoreData 1.0.app */;
			productType = "com.apple.product-type.application";
		};
/* End PBXNativeTarget section */

/* Begin PBXProject section */
		A247F5FE2065359E00A21397 /* Project object */ = {
			isa = PBXProject;
			attributes = {
				LastSwiftUpdateCheck = 0920;
				LastUpgradeCheck = 0920;
				ORGANIZATIONNAME = DASLAB;
				TargetAttributes = {
					A247F6052065359E00A21397 = {
						CreatedOnToolsVersion = 9.2;
						ProvisioningStyle = Automatic;
					};
				};
			};
			buildConfigurationList = A247F6012065359E00A21397 /* Build configuration list for PBXProject "CoreData 1.0" */;
			compatibilityVersion = "Xcode 8.0";
			developmentRegion = en;
			hasScannedForEncodings = 0;
			knownRegions = (
				en,
				Base,
			);
			mainGroup = A247F5FD2065359E00A21397;
			productRefGroup = A247F6072065359E00A21397 /* Products */;
			projectDirPath = "";
			projectRoot = "";
			targets = (
				A247F6052065359E00A21397 /* CoreData 1.0 */,
			);
		};
/* End PBXProject section */

/* Begin PBXResourcesBuildPhase section */
		A247F6042065359E00A21397 /* Resources */ = {
			isa = PBXResourcesBuildPhase;
			buildActionMask = 2147483647;
			files = (
				A247F6172065359E00A21397 /* LaunchScreen.storyboard in Resources */,
				A247F6142065359E00A21397 /* Assets.xcassets in Resources */,
				A247F60F2065359E00A21397 /* Main.storyboard in Resources */,
			);
			runOnlyForDeploymentPostprocessing = 0;
		};
/* End PBXResourcesBuildPhase section */

/* Begin PBXSourcesBuildPhase section */
		A247F6022065359E00A21397 /* Sources */ = {
			isa = PBXSourcesBuildPhase;
			buildActionMask = 2147483647;
			files = (
				A247F60C2065359E00A21397 /* ViewController.swift in Sources */,
				A247F60A2065359E00A21397 /* AppDelegate.swift in Sources */,
				A247F6122065359E00A21397 /* CoreData_1_0.xcdatamodeld in Sources */,
			);
			runOnlyForDeploymentPostprocessing = 0;
		};
/* End PBXSourcesBuildPhase section */

/* Begin PBXVariantGroup section */
		A247F60D2065359E00A21397 /* Main.storyboard */ = {
			isa = PBXVariantGroup;
			children = (
				A247F60E2065359E00A21397 /* Base */,
			);
			name = Main.storyboard;
			sourceTree = "<group>";
		};
		A247F6152065359E00A21397 /* LaunchScreen.storyboard */ = {
			isa = PBXVariantGroup;
			children = (
				A247F6162065359E00A21397 /* Base */,
			);
			name = LaunchScreen.storyboard;
			sourceTree = "<group>";
		};
/* End PBXVariantGroup section */

/* Begin XCBuildConfiguration section */
		A247F6192065359E00A21397 /* Debug */ = {
			isa = XCBuildConfiguration;
			buildSettings = {
				ALWAYS_SEARCH_USER_PATHS = NO;
				CLANG_ANALYZER_NONNULL = YES;
				CLANG_ANALYZER_NUMBER_OBJECT_CONVERSION = YES_AGGRESSIVE;
				CLANG_CXX_LANGUAGE_STANDARD = "gnu++14";
				CLANG_CXX_LIBRARY = "libc++";
				CLANG_ENABLE_MODULES = YES;
				CLANG_ENABLE_OBJC_ARC = YES;
				CLANG_WARN_BLOCK_CAPTURE_AUTORELEASING = YES;
				CLANG_WARN_BOOL_CONVERSION = YES;
				CLANG_WARN_COMMA = YES;
				CLANG_WARN_CONSTANT_CONVERSION = YES;
				CLANG_WARN_DIRECT_OBJC_ISA_USAGE = YES_ERROR;
				CLANG_WARN_DOCUMENTATION_COMMENTS = YES;
				CLANG_WARN_EMPTY_BODY = YES;
				CLANG_WARN_ENUM_CONVERSION = YES;
				CLANG_WARN_INFINITE_RECURSION = YES;
				CLANG_WARN_INT_CONVERSION = YES;
				CLANG_WARN_NON_LITERAL_NULL_CONVERSION = YES;
				CLANG_WARN_OBJC_LITERAL_CONVERSION = YES;
				CLANG_WARN_OBJC_ROOT_CLASS = YES_ERROR;
				CLANG_WARN_RANGE_LOOP_ANALYSIS = YES;
				CLANG_WARN_STRICT_PROTOTYPES = YES;
				CLANG_WARN_SUSPICIOUS_MOVE = YES;
				CLANG_WARN_UNGUARDED_AVAILABILITY = YES_AGGRESSIVE;
				CLANG_WARN_UNREACHABLE_CODE = YES;
				CLANG_WARN__DUPLICATE_METHOD_MATCH = YES;
				CODE_SIGN_IDENTITY = "iPhone Developer";
				COPY_PHASE_STRIP = NO;
				DEBUG_INFORMATION_FORMAT = dwarf;
				ENABLE_STRICT_OBJC_MSGSEND = YES;
				ENABLE_TESTABILITY = YES;
				GCC_C_LANGUAGE_STANDARD = gnu11;
				GCC_DYNAMIC_NO_PIC = NO;
				GCC_NO_COMMON_BLOCKS = YES;
				GCC_OPTIMIZATION_LEVEL = 0;
				GCC_PREPROCESSOR_DEFINITIONS = (
					"DEBUG=1",
					"$(inherited)",
				);
				GCC_WARN_64_TO_32_BIT_CONVERSION = YES;
				GCC_WARN_ABOUT_RETURN_TYPE = YES_ERROR;
				GCC_WARN_UNDECLARED_SELECTOR = YES;
				GCC_WARN_UNINITIALIZED_AUTOS = YES_AGGRESSIVE;
				GCC_WARN_UNUSED_FUNCTION = YES;
				GCC_WARN_UNUSED_VARIABLE = YES;
				IPHONEOS_DEPLOYMENT_TARGET = 11.2;
				MTL_ENABLE_DEBUG_INFO = YES;
				ONLY_ACTIVE_ARCH = YES;
				SDKROOT = iphoneos;
				SWIFT_ACTIVE_COMPILATION_CONDITIONS = DEBUG;
				SWIFT_OPTIMIZATION_LEVEL = "-Onone";
			};
			name = Debug;
		};
		A247F61A2065359E00A21397 /* Release */ = {
			isa = XCBuildConfiguration;
			buildSettings = {
				ALWAYS_SEARCH_USER_PATHS = NO;
				CLANG_ANALYZER_NONNULL = YES;
				CLANG_ANALYZER_NUMBER_OBJECT_CONVERSION = YES_AGGRESSIVE;
				CLANG_CXX_LANGUAGE_STANDARD = "gnu++14";
				CLANG_CXX_LIBRARY = "libc++";
				CLANG_ENABLE_MODULES = YES;
				CLANG_ENABLE_OBJC_ARC = YES;
				CLANG_WARN_BLOCK_CAPTURE_AUTORELEASING = YES;
				CLANG_WARN_BOOL_CONVERSION = YES;
				CLANG_WARN_COMMA = YES;
				CLANG_WARN_CONSTANT_CONVERSION = YES;
				CLANG_WARN_DIRECT_OBJC_ISA_USAGE = YES_ERROR;
				CLANG_WARN_DOCUMENTATION_COMMENTS = YES;
				CLANG_WARN_EMPTY_BODY = YES;
				CLANG_WARN_ENUM_CONVERSION = YES;
				CLANG_WARN_INFINITE_RECURSION = YES;
				CLANG_WARN_INT_CONVERSION = YES;
				CLANG_WARN_NON_LITERAL_NULL_CONVERSION = YES;
				CLANG_WARN_OBJC_LITERAL_CONVERSION = YES;
				CLANG_WARN_OBJC_ROOT_CLASS = YES_ERROR;
				CLANG_WARN_RANGE_LOOP_ANALYSIS = YES;
				CLANG_WARN_STRICT_PROTOTYPES = YES;
				CLANG_WARN_SUSPICIOUS_MOVE = YES;
				CLANG_WARN_UNGUARDED_AVAILABILITY = YES_AGGRESSIVE;
				CLANG_WARN_UNREACHABLE_CODE = YES;
				CLANG_WARN__DUPLICATE_METHOD_MATCH = YES;
				CODE_SIGN_IDENTITY = "iPhone Developer";
				COPY_PHASE_STRIP = NO;
				DEBUG_INFORMATION_FORMAT = "dwarf-with-dsym";
				ENABLE_NS_ASSERTIONS = NO;
				ENABLE_STRICT_OBJC_MSGSEND = YES;
				GCC_C_LANGUAGE_STANDARD = gnu11;
				GCC_NO_COMMON_BLOCKS = YES;
				GCC_WARN_64_TO_32_BIT_CONVERSION = YES;
				GCC_WARN_ABOUT_RETURN_TYPE = YES_ERROR;
				GCC_WARN_UNDECLARED_SELECTOR = YES;
				GCC_WARN_UNINITIALIZED_AUTOS = YES_AGGRESSIVE;
				GCC_WARN_UNUSED_FUNCTION = YES;
				GCC_WARN_UNUSED_VARIABLE = YES;
				IPHONEOS_DEPLOYMENT_TARGET = 11.2;
				MTL_ENABLE_DEBUG_INFO = NO;
				SDKROOT = iphoneos;
				SWIFT_OPTIMIZATION_LEVEL = "-Owholemodule";
				VALIDATE_PRODUCT = YES;
			};
			name = Release;
		};
		A247F61C2065359E00A21397 /* Debug */ = {
			isa = XCBuildConfiguration;
			buildSettings = {
				ASSETCATALOG_COMPILER_APPICON_NAME = AppIcon;
				CODE_SIGN_STYLE = Automatic;
				INFOPLIST_FILE = "CoreData 1.0/Info.plist";
				LD_RUNPATH_SEARCH_PATHS = "$(inherited) @executable_path/Frameworks";
				PRODUCT_BUNDLE_IDENTIFIER = "IT.CoreData-1-0";
				PRODUCT_NAME = "$(TARGET_NAME)";
				SWIFT_VERSION = 4.0;
				TARGETED_DEVICE_FAMILY = "1,2";
			};
			name = Debug;
		};
		A247F61D2065359E00A21397 /* Release */ = {
			isa = XCBuildConfiguration;
			buildSettings = {
				ASSETCATALOG_COMPILER_APPICON_NAME = AppIcon;
				CODE_SIGN_STYLE = Automatic;
				INFOPLIST_FILE = "CoreData 1.0/Info.plist";
				LD_RUNPATH_SEARCH_PATHS = "$(inherited) @executable_path/Frameworks";
				PRODUCT_BUNDLE_IDENTIFIER = "IT.CoreData-1-0";
				PRODUCT_NAME = "$(TARGET_NAME)";
				SWIFT_VERSION = 4.0;
				TARGETED_DEVICE_FAMILY = "1,2";
			};
			name = Release;
		};
/* End XCBuildConfiguration section */

/* Begin XCConfigurationList section */
		A247F6012065359E00A21397 /* Build configuration list for PBXProject "CoreData 1.0" */ = {
			isa = XCConfigurationList;
			buildConfigurations = (
				A247F6192065359E00A21397 /* Debug */,
				A247F61A2065359E00A21397 /* Release */,
			);
			defaultConfigurationIsVisible = 0;
			defaultConfigurationName = Release;
		};
		A247F61B2065359E00A21397 /* Build configuration list for PBXNativeTarget "CoreData 1.0" */ = {
			isa = XCConfigurationList;
			buildConfigurations = (
				A247F61C2065359E00A21397 /* Debug */,
				A247F61D2065359E00A21397 /* Release */,
			);
			defaultConfigurationIsVisible = 0;
			defaultConfigurationName = Release;
		};
/* End XCConfigurationList section */

/* Begin XCVersionGroup section */
		A247F6102065359E00A21397 /* CoreData_1_0.xcdatamodeld */ = {
			isa = XCVersionGroup;
			children = (
				A247F6112065359E00A21397 /* CoreData_1_0.xcdatamodel */,
			);
			currentVersion = A247F6112065359E00A21397 /* CoreData_1_0.xcdatamodel */;
			path = CoreData_1_0.xcdatamodeld;
			sourceTree = "<group>";
			versionGroupType = wrapper.xcdatamodel;
		};
/* End XCVersionGroup section */
	};
	rootObject = A247F5FE2065359E00A21397 /* Project object */;
}
